
Microsoft Visual Studio Solution File, Format Version 12.00
# Visual Studio 15
VisualStudioVersion = 15.0.28010.2048
MinimumVisualStudioVersion = 10.0.40219.1
Project("{FAE04EC0-301F-11D3-BF4B-00C04F79EFBC}") = "MyLibraryProject", "MyLibraryProject\MyLibraryProject.csproj", "{CBEDE9D7-D0D1-4FCC-97C2-3E2991D2C907}"
EndProject
Global
	GlobalSection(SolutionConfigurationPlatforms) = preSolution
		Debug|Any CPU = Debug|Any CPU
		Release|Any CPU = Release|Any CPU
	EndGlobalSection
	GlobalSection(ProjectConfigurationPlatforms) = postSolution
		{CBEDE9D7-D0D1-4FCC-97C2-3E2991D2C907}.Debug|Any CPU.ActiveCfg = Debug|Any CPU
		{CBEDE9D7-D0D1-4FCC-97C2-3E2991D2C907}.Debug|Any CPU.Build.0 = Debug|Any CPU
		{CBEDE9D7-D0D1-4FCC-97C2-3E2991D2C907}.Release|Any CPU.ActiveCfg = Release|Any CPU
		{CBEDE9D7-D0D1-4FCC-97C2-3E2991D2C907}.Release|Any CPU.Build.0 = Release|Any CPU
	EndGlobalSection
	GlobalSection(SolutionProperties) = preSolution
		HideSolutionNode = FALSE
	EndGlobalSection
	GlobalSection(ExtensibilityGlobals) = postSolution
		SolutionGuid = {7EFA3090-66D9-456E-9856-72315D623D5B}
	EndGlobalSection
EndGlobal
